
Microsoft Visual Studio Solution File, Format Version 12.00
Project("{2150E333-8FDC-42A3-9474-1A3956D46DE8}") = "Tests", "Tests", "{9F714E77-F94D-4807-BEE4-60282E39859B}"
EndProject
Project("{FAE04EC0-301F-11D3-BF4B-00C04F79EFBC}") = "Connector", "Connector\Connector.csproj", "{299FAD78-B32A-437C-91CE-AADFFA57B320}"
EndProject
Project("{FAE04EC0-301F-11D3-BF4B-00C04F79EFBC}") = "Connector.Api", "Connector.Api\Connector.Api.csproj", "{DA466584-23CB-46BC-BBD8-194D75A47E3F}"
EndProject
Project("{FAE04EC0-301F-11D3-BF4B-00C04F79EFBC}") = "ElasticClient", "ElasticClient\ElasticClient.csproj", "{40D290C7-1517-4122-B747-2629DC6D75C8}"
EndProject
Project("{FAE04EC0-301F-11D3-BF4B-00C04F79EFBC}") = "Localization", "Localization\Localization.csproj", "{DF9241DD-83A2-48A8-B66E-151CF649290B}"
EndProject
Project("{FAE04EC0-301F-11D3-BF4B-00C04F79EFBC}") = "ElasticProcessor", "ElasticProcessor\ElasticProcessor.csproj", "{25416FB8-C855-4985-9634-EDAE58D21077}"
EndProject
Project("{FAE04EC0-301F-11D3-BF4B-00C04F79EFBC}") = "Processors.Api", "Processors.Api\Processors.Api.csproj", "{10F3D2F7-9BD8-47D4-925C-ADCB91B1D860}"
EndProject
Project("{FAE04EC0-301F-11D3-BF4B-00C04F79EFBC}") = "ProcessorsContainer", "ProcessorsContainer\ProcessorsContainer.csproj", "{3E7BBAAE-8A4A-45B0-A726-EDCB5608BA8A}"
EndProject
Project("{FAE04EC0-301F-11D3-BF4B-00C04F79EFBC}") = "TestHelpers", "TestHelpers\TestHelpers.csproj", "{96DF04F6-9A66-4125-9541-0CE9453ACBDA}"
EndProject
Project("{FAE04EC0-301F-11D3-BF4B-00C04F79EFBC}") = "SuperAgent", "SuperAgent\SuperAgent.csproj", "{66A4BA37-A0E3-4C2E-B1A8-C4ABB1A99F82}"
EndProject
Project("{FAE04EC0-301F-11D3-BF4B-00C04F79EFBC}") = "InputServices.Test", "InputServices.Test\InputServices.Test.csproj", "{6C02238F-74E9-41E7-9CF9-6411EFBC1B0D}"
EndProject
Project("{FAE04EC0-301F-11D3-BF4B-00C04F79EFBC}") = "Processors.Test", "Processors.Test\Processors.Test.csproj", "{CFCAA19F-A0F0-4C40-A080-BAE9E23BBCFF}"
EndProject
Project("{FAE04EC0-301F-11D3-BF4B-00C04F79EFBC}") = "IOServices.Api", "IOServices.Api\IOServices.Api.csproj", "{DE2C365C-E23C-4B6D-8371-5ABBB9818ADA}"
EndProject
Project("{2150E333-8FDC-42A3-9474-1A3956D46DE8}") = "Api", "Api", "{13858475-9678-4CB1-B00F-06FFC740413F}"
EndProject
Project("{2150E333-8FDC-42A3-9474-1A3956D46DE8}") = "Core", "Core", "{7ABA776F-46AB-4949-B789-CB26977A1C61}"
EndProject
Project("{2150E333-8FDC-42A3-9474-1A3956D46DE8}") = "Implemetaion", "Implemetaion", "{C23049FA-EA29-41CA-86C5-DE61D8A94166}"
EndProject
Project("{2150E333-8FDC-42A3-9474-1A3956D46DE8}") = "Host", "Host", "{F4D7C144-05CC-40B1-839B-84474AAB9FFE}"
EndProject
Project("{FAE04EC0-301F-11D3-BF4B-00C04F79EFBC}") = "IOServices", "IOServices\IOServices.csproj", "{8CC5635F-FB76-4135-94D8-8F17B8C4F620}"
EndProject
Project("{FAE04EC0-301F-11D3-BF4B-00C04F79EFBC}") = "IOServices.Test", "IOServices.Test\IOServices.Test.csproj", "{9C6CA414-C55B-4EE6-9758-62BA3FD4211E}"
EndProject
Global
	GlobalSection(SolutionConfigurationPlatforms) = preSolution
		Debug|Any CPU = Debug|Any CPU
		Release|Any CPU = Release|Any CPU
	EndGlobalSection
	GlobalSection(ProjectConfigurationPlatforms) = postSolution
		{299FAD78-B32A-437C-91CE-AADFFA57B320}.Debug|Any CPU.ActiveCfg = Debug|Any CPU
		{299FAD78-B32A-437C-91CE-AADFFA57B320}.Debug|Any CPU.Build.0 = Debug|Any CPU
		{299FAD78-B32A-437C-91CE-AADFFA57B320}.Release|Any CPU.ActiveCfg = Release|Any CPU
		{299FAD78-B32A-437C-91CE-AADFFA57B320}.Release|Any CPU.Build.0 = Release|Any CPU
		{DA466584-23CB-46BC-BBD8-194D75A47E3F}.Debug|Any CPU.ActiveCfg = Debug|Any CPU
		{DA466584-23CB-46BC-BBD8-194D75A47E3F}.Debug|Any CPU.Build.0 = Debug|Any CPU
		{DA466584-23CB-46BC-BBD8-194D75A47E3F}.Release|Any CPU.ActiveCfg = Release|Any CPU
		{DA466584-23CB-46BC-BBD8-194D75A47E3F}.Release|Any CPU.Build.0 = Release|Any CPU
		{40D290C7-1517-4122-B747-2629DC6D75C8}.Debug|Any CPU.ActiveCfg = Debug|Any CPU
		{40D290C7-1517-4122-B747-2629DC6D75C8}.Debug|Any CPU.Build.0 = Debug|Any CPU
		{40D290C7-1517-4122-B747-2629DC6D75C8}.Release|Any CPU.ActiveCfg = Release|Any CPU
		{40D290C7-1517-4122-B747-2629DC6D75C8}.Release|Any CPU.Build.0 = Release|Any CPU
		{DF9241DD-83A2-48A8-B66E-151CF649290B}.Debug|Any CPU.ActiveCfg = Debug|Any CPU
		{DF9241DD-83A2-48A8-B66E-151CF649290B}.Debug|Any CPU.Build.0 = Debug|Any CPU
		{DF9241DD-83A2-48A8-B66E-151CF649290B}.Release|Any CPU.ActiveCfg = Release|Any CPU
		{DF9241DD-83A2-48A8-B66E-151CF649290B}.Release|Any CPU.Build.0 = Release|Any CPU
		{25416FB8-C855-4985-9634-EDAE58D21077}.Debug|Any CPU.ActiveCfg = Debug|Any CPU
		{25416FB8-C855-4985-9634-EDAE58D21077}.Debug|Any CPU.Build.0 = Debug|Any CPU
		{25416FB8-C855-4985-9634-EDAE58D21077}.Release|Any CPU.ActiveCfg = Release|Any CPU
		{25416FB8-C855-4985-9634-EDAE58D21077}.Release|Any CPU.Build.0 = Release|Any CPU
		{10F3D2F7-9BD8-47D4-925C-ADCB91B1D860}.Debug|Any CPU.ActiveCfg = Debug|Any CPU
		{10F3D2F7-9BD8-47D4-925C-ADCB91B1D860}.Debug|Any CPU.Build.0 = Debug|Any CPU
		{10F3D2F7-9BD8-47D4-925C-ADCB91B1D860}.Release|Any CPU.ActiveCfg = Release|Any CPU
		{10F3D2F7-9BD8-47D4-925C-ADCB91B1D860}.Release|Any CPU.Build.0 = Release|Any CPU
		{3E7BBAAE-8A4A-45B0-A726-EDCB5608BA8A}.Debug|Any CPU.ActiveCfg = Debug|Any CPU
		{3E7BBAAE-8A4A-45B0-A726-EDCB5608BA8A}.Debug|Any CPU.Build.0 = Debug|Any CPU
		{3E7BBAAE-8A4A-45B0-A726-EDCB5608BA8A}.Release|Any CPU.ActiveCfg = Release|Any CPU
		{3E7BBAAE-8A4A-45B0-A726-EDCB5608BA8A}.Release|Any CPU.Build.0 = Release|Any CPU
		{96DF04F6-9A66-4125-9541-0CE9453ACBDA}.Debug|Any CPU.ActiveCfg = Debug|Any CPU
		{96DF04F6-9A66-4125-9541-0CE9453ACBDA}.Debug|Any CPU.Build.0 = Debug|Any CPU
		{96DF04F6-9A66-4125-9541-0CE9453ACBDA}.Release|Any CPU.ActiveCfg = Release|Any CPU
		{96DF04F6-9A66-4125-9541-0CE9453ACBDA}.Release|Any CPU.Build.0 = Release|Any CPU
		{66A4BA37-A0E3-4C2E-B1A8-C4ABB1A99F82}.Debug|Any CPU.ActiveCfg = Debug|Any CPU
		{66A4BA37-A0E3-4C2E-B1A8-C4ABB1A99F82}.Debug|Any CPU.Build.0 = Debug|Any CPU
		{66A4BA37-A0E3-4C2E-B1A8-C4ABB1A99F82}.Release|Any CPU.ActiveCfg = Release|Any CPU
		{66A4BA37-A0E3-4C2E-B1A8-C4ABB1A99F82}.Release|Any CPU.Build.0 = Release|Any CPU
		{6C02238F-74E9-41E7-9CF9-6411EFBC1B0D}.Debug|Any CPU.ActiveCfg = Debug|Any CPU
		{6C02238F-74E9-41E7-9CF9-6411EFBC1B0D}.Debug|Any CPU.Build.0 = Debug|Any CPU
		{6C02238F-74E9-41E7-9CF9-6411EFBC1B0D}.Release|Any CPU.ActiveCfg = Release|Any CPU
		{6C02238F-74E9-41E7-9CF9-6411EFBC1B0D}.Release|Any CPU.Build.0 = Release|Any CPU
		{CFCAA19F-A0F0-4C40-A080-BAE9E23BBCFF}.Debug|Any CPU.ActiveCfg = Debug|Any CPU
		{CFCAA19F-A0F0-4C40-A080-BAE9E23BBCFF}.Debug|Any CPU.Build.0 = Debug|Any CPU
		{CFCAA19F-A0F0-4C40-A080-BAE9E23BBCFF}.Release|Any CPU.ActiveCfg = Release|Any CPU
		{CFCAA19F-A0F0-4C40-A080-BAE9E23BBCFF}.Release|Any CPU.Build.0 = Release|Any CPU
		{DE2C365C-E23C-4B6D-8371-5ABBB9818ADA}.Debug|Any CPU.ActiveCfg = Debug|Any CPU
		{DE2C365C-E23C-4B6D-8371-5ABBB9818ADA}.Debug|Any CPU.Build.0 = Debug|Any CPU
		{DE2C365C-E23C-4B6D-8371-5ABBB9818ADA}.Release|Any CPU.ActiveCfg = Release|Any CPU
		{DE2C365C-E23C-4B6D-8371-5ABBB9818ADA}.Release|Any CPU.Build.0 = Release|Any CPU
		{8CC5635F-FB76-4135-94D8-8F17B8C4F620}.Debug|Any CPU.ActiveCfg = Debug|Any CPU
		{8CC5635F-FB76-4135-94D8-8F17B8C4F620}.Debug|Any CPU.Build.0 = Debug|Any CPU
		{8CC5635F-FB76-4135-94D8-8F17B8C4F620}.Release|Any CPU.ActiveCfg = Release|Any CPU
		{8CC5635F-FB76-4135-94D8-8F17B8C4F620}.Release|Any CPU.Build.0 = Release|Any CPU
		{9C6CA414-C55B-4EE6-9758-62BA3FD4211E}.Debug|Any CPU.ActiveCfg = Debug|Any CPU
		{9C6CA414-C55B-4EE6-9758-62BA3FD4211E}.Debug|Any CPU.Build.0 = Debug|Any CPU
		{9C6CA414-C55B-4EE6-9758-62BA3FD4211E}.Release|Any CPU.ActiveCfg = Release|Any CPU
		{9C6CA414-C55B-4EE6-9758-62BA3FD4211E}.Release|Any CPU.Build.0 = Release|Any CPU
	EndGlobalSection
	GlobalSection(NestedProjects) = preSolution
		{96DF04F6-9A66-4125-9541-0CE9453ACBDA} = {9F714E77-F94D-4807-BEE4-60282E39859B}
		{6C02238F-74E9-41E7-9CF9-6411EFBC1B0D} = {9F714E77-F94D-4807-BEE4-60282E39859B}
		{DA466584-23CB-46BC-BBD8-194D75A47E3F} = {13858475-9678-4CB1-B00F-06FFC740413F}
		{DF9241DD-83A2-48A8-B66E-151CF649290B} = {7ABA776F-46AB-4949-B789-CB26977A1C61}
		{299FAD78-B32A-437C-91CE-AADFFA57B320} = {7ABA776F-46AB-4949-B789-CB26977A1C61}
		{40D290C7-1517-4122-B747-2629DC6D75C8} = {C23049FA-EA29-41CA-86C5-DE61D8A94166}
		{25416FB8-C855-4985-9634-EDAE58D21077} = {C23049FA-EA29-41CA-86C5-DE61D8A94166}
		{10F3D2F7-9BD8-47D4-925C-ADCB91B1D860} = {13858475-9678-4CB1-B00F-06FFC740413F}
		{3E7BBAAE-8A4A-45B0-A726-EDCB5608BA8A} = {C23049FA-EA29-41CA-86C5-DE61D8A94166}
		{DE2C365C-E23C-4B6D-8371-5ABBB9818ADA} = {13858475-9678-4CB1-B00F-06FFC740413F}
		{66A4BA37-A0E3-4C2E-B1A8-C4ABB1A99F82} = {F4D7C144-05CC-40B1-839B-84474AAB9FFE}
		{9C6CA414-C55B-4EE6-9758-62BA3FD4211E} = {9F714E77-F94D-4807-BEE4-60282E39859B}
		{CFCAA19F-A0F0-4C40-A080-BAE9E23BBCFF} = {C23049FA-EA29-41CA-86C5-DE61D8A94166}
		{8CC5635F-FB76-4135-94D8-8F17B8C4F620} = {7ABA776F-46AB-4949-B789-CB26977A1C61}
	EndGlobalSection
EndGlobal
