
Microsoft Visual Studio Solution File, Format Version 12.00
Project("{2150E333-8FDC-42A3-9474-1A3956D46DE8}") = "Connectors", "Connectors", "{D129C391-162A-4F8D-B39E-63CF6DD05EA9}"
EndProject
Project("{2150E333-8FDC-42A3-9474-1A3956D46DE8}") = "IOServices", "IOServices", "{AAD13118-6B63-40E5-9C3C-074A61B62C7A}"
EndProject
Project("{2150E333-8FDC-42A3-9474-1A3956D46DE8}") = "Libs", "Libs", "{F720D05A-28DF-444F-8621-6E73750D512C}"
EndProject
Project("{2150E333-8FDC-42A3-9474-1A3956D46DE8}") = "Processors", "Processors", "{596CADA3-5AA1-4166-B66E-CA5C38923491}"
EndProject
Project("{2150E333-8FDC-42A3-9474-1A3956D46DE8}") = "Tests", "Tests", "{9F714E77-F94D-4807-BEE4-60282E39859B}"
EndProject
Project("{FAE04EC0-301F-11D3-BF4B-00C04F79EFBC}") = "Connector", "Connector\Connector.csproj", "{299FAD78-B32A-437C-91CE-AADFFA57B320}"
EndProject
Project("{FAE04EC0-301F-11D3-BF4B-00C04F79EFBC}") = "Connector.Api", "Connector.Api\Connector.Api.csproj", "{DA466584-23CB-46BC-BBD8-194D75A47E3F}"
EndProject
Project("{FAE04EC0-301F-11D3-BF4B-00C04F79EFBC}") = "InputServices", "InputServices\InputServices.csproj", "{7FC7E964-23C0-4D37-8346-72619CC84AF1}"
EndProject
Project("{FAE04EC0-301F-11D3-BF4B-00C04F79EFBC}") = "InputServices.Api", "InputServices.Api\InputServices.Api.csproj", "{DBF0B558-430E-4F28-9B30-56E4F7208007}"
EndProject
Project("{FAE04EC0-301F-11D3-BF4B-00C04F79EFBC}") = "OuputServices", "OuputServices\OuputServices.csproj", "{440E6ECE-A59C-428B-A315-F978B5E1D6FF}"
EndProject
Project("{FAE04EC0-301F-11D3-BF4B-00C04F79EFBC}") = "OuputServices.Api", "OuputServices.Api\OuputServices.Api.csproj", "{6726B0BD-B556-4A68-9DDC-CE5A2D8E63C7}"
EndProject
Project("{FAE04EC0-301F-11D3-BF4B-00C04F79EFBC}") = "ElasticClient", "ElasticClient\ElasticClient.csproj", "{40D290C7-1517-4122-B747-2629DC6D75C8}"
EndProject
Project("{FAE04EC0-301F-11D3-BF4B-00C04F79EFBC}") = "Shared", "Shared\Shared.csproj", "{7E3BD86C-097F-49E4-811C-CB3BF9F52890}"
EndProject
Project("{2150E333-8FDC-42A3-9474-1A3956D46DE8}") = "Localization", "Localization", "{A77AC846-1224-4C87-B159-708B357761AB}"
EndProject
Project("{FAE04EC0-301F-11D3-BF4B-00C04F79EFBC}") = "Localization", "Localization\Localization.csproj", "{DF9241DD-83A2-48A8-B66E-151CF649290B}"
EndProject
Project("{FAE04EC0-301F-11D3-BF4B-00C04F79EFBC}") = "ElasticProcessor", "ElasticProcessor\ElasticProcessor.csproj", "{25416FB8-C855-4985-9634-EDAE58D21077}"
EndProject
Project("{FAE04EC0-301F-11D3-BF4B-00C04F79EFBC}") = "Processors.Api", "Processors.Api\Processors.Api.csproj", "{10F3D2F7-9BD8-47D4-925C-ADCB91B1D860}"
EndProject
Project("{FAE04EC0-301F-11D3-BF4B-00C04F79EFBC}") = "ProcessorsContainer", "ProcessorsContainer\ProcessorsContainer.csproj", "{3E7BBAAE-8A4A-45B0-A726-EDCB5608BA8A}"
EndProject
Project("{FAE04EC0-301F-11D3-BF4B-00C04F79EFBC}") = "TestHelpers", "TestHelpers\TestHelpers.csproj", "{96DF04F6-9A66-4125-9541-0CE9453ACBDA}"
EndProject
Project("{FAE04EC0-301F-11D3-BF4B-00C04F79EFBC}") = "SuperAgent", "SuperAgent\SuperAgent.csproj", "{66A4BA37-A0E3-4C2E-B1A8-C4ABB1A99F82}"
EndProject
Project("{FAE04EC0-301F-11D3-BF4B-00C04F79EFBC}") = "InputServices.Test", "InputServices.Test\InputServices.Test.csproj", "{6C02238F-74E9-41E7-9CF9-6411EFBC1B0D}"
EndProject
Project("{FAE04EC0-301F-11D3-BF4B-00C04F79EFBC}") = "OutputServices.Test", "OutputServices.Test\OutputServices.Test.csproj", "{F6EE1FE7-0A0A-4B3A-820E-B7B726FE09CC}"
EndProject
Project("{FAE04EC0-301F-11D3-BF4B-00C04F79EFBC}") = "Processors.Test", "Processors.Test\Processors.Test.csproj", "{CFCAA19F-A0F0-4C40-A080-BAE9E23BBCFF}"
EndProject
Global
	GlobalSection(SolutionConfigurationPlatforms) = preSolution
		Debug|Any CPU = Debug|Any CPU
		Release|Any CPU = Release|Any CPU
	EndGlobalSection
	GlobalSection(ProjectConfigurationPlatforms) = postSolution
		{299FAD78-B32A-437C-91CE-AADFFA57B320}.Debug|Any CPU.ActiveCfg = Debug|Any CPU
		{299FAD78-B32A-437C-91CE-AADFFA57B320}.Debug|Any CPU.Build.0 = Debug|Any CPU
		{299FAD78-B32A-437C-91CE-AADFFA57B320}.Release|Any CPU.ActiveCfg = Release|Any CPU
		{299FAD78-B32A-437C-91CE-AADFFA57B320}.Release|Any CPU.Build.0 = Release|Any CPU
		{DA466584-23CB-46BC-BBD8-194D75A47E3F}.Debug|Any CPU.ActiveCfg = Debug|Any CPU
		{DA466584-23CB-46BC-BBD8-194D75A47E3F}.Debug|Any CPU.Build.0 = Debug|Any CPU
		{DA466584-23CB-46BC-BBD8-194D75A47E3F}.Release|Any CPU.ActiveCfg = Release|Any CPU
		{DA466584-23CB-46BC-BBD8-194D75A47E3F}.Release|Any CPU.Build.0 = Release|Any CPU
		{7FC7E964-23C0-4D37-8346-72619CC84AF1}.Debug|Any CPU.ActiveCfg = Debug|Any CPU
		{7FC7E964-23C0-4D37-8346-72619CC84AF1}.Debug|Any CPU.Build.0 = Debug|Any CPU
		{7FC7E964-23C0-4D37-8346-72619CC84AF1}.Release|Any CPU.ActiveCfg = Release|Any CPU
		{7FC7E964-23C0-4D37-8346-72619CC84AF1}.Release|Any CPU.Build.0 = Release|Any CPU
		{DBF0B558-430E-4F28-9B30-56E4F7208007}.Debug|Any CPU.ActiveCfg = Debug|Any CPU
		{DBF0B558-430E-4F28-9B30-56E4F7208007}.Debug|Any CPU.Build.0 = Debug|Any CPU
		{DBF0B558-430E-4F28-9B30-56E4F7208007}.Release|Any CPU.ActiveCfg = Release|Any CPU
		{DBF0B558-430E-4F28-9B30-56E4F7208007}.Release|Any CPU.Build.0 = Release|Any CPU
		{440E6ECE-A59C-428B-A315-F978B5E1D6FF}.Debug|Any CPU.ActiveCfg = Debug|Any CPU
		{440E6ECE-A59C-428B-A315-F978B5E1D6FF}.Debug|Any CPU.Build.0 = Debug|Any CPU
		{440E6ECE-A59C-428B-A315-F978B5E1D6FF}.Release|Any CPU.ActiveCfg = Release|Any CPU
		{440E6ECE-A59C-428B-A315-F978B5E1D6FF}.Release|Any CPU.Build.0 = Release|Any CPU
		{6726B0BD-B556-4A68-9DDC-CE5A2D8E63C7}.Debug|Any CPU.ActiveCfg = Debug|Any CPU
		{6726B0BD-B556-4A68-9DDC-CE5A2D8E63C7}.Debug|Any CPU.Build.0 = Debug|Any CPU
		{6726B0BD-B556-4A68-9DDC-CE5A2D8E63C7}.Release|Any CPU.ActiveCfg = Release|Any CPU
		{6726B0BD-B556-4A68-9DDC-CE5A2D8E63C7}.Release|Any CPU.Build.0 = Release|Any CPU
		{40D290C7-1517-4122-B747-2629DC6D75C8}.Debug|Any CPU.ActiveCfg = Debug|Any CPU
		{40D290C7-1517-4122-B747-2629DC6D75C8}.Debug|Any CPU.Build.0 = Debug|Any CPU
		{40D290C7-1517-4122-B747-2629DC6D75C8}.Release|Any CPU.ActiveCfg = Release|Any CPU
		{40D290C7-1517-4122-B747-2629DC6D75C8}.Release|Any CPU.Build.0 = Release|Any CPU
		{7E3BD86C-097F-49E4-811C-CB3BF9F52890}.Debug|Any CPU.ActiveCfg = Debug|Any CPU
		{7E3BD86C-097F-49E4-811C-CB3BF9F52890}.Debug|Any CPU.Build.0 = Debug|Any CPU
		{7E3BD86C-097F-49E4-811C-CB3BF9F52890}.Release|Any CPU.ActiveCfg = Release|Any CPU
		{7E3BD86C-097F-49E4-811C-CB3BF9F52890}.Release|Any CPU.Build.0 = Release|Any CPU
		{DF9241DD-83A2-48A8-B66E-151CF649290B}.Debug|Any CPU.ActiveCfg = Debug|Any CPU
		{DF9241DD-83A2-48A8-B66E-151CF649290B}.Debug|Any CPU.Build.0 = Debug|Any CPU
		{DF9241DD-83A2-48A8-B66E-151CF649290B}.Release|Any CPU.ActiveCfg = Release|Any CPU
		{DF9241DD-83A2-48A8-B66E-151CF649290B}.Release|Any CPU.Build.0 = Release|Any CPU
		{25416FB8-C855-4985-9634-EDAE58D21077}.Debug|Any CPU.ActiveCfg = Debug|Any CPU
		{25416FB8-C855-4985-9634-EDAE58D21077}.Debug|Any CPU.Build.0 = Debug|Any CPU
		{25416FB8-C855-4985-9634-EDAE58D21077}.Release|Any CPU.ActiveCfg = Release|Any CPU
		{25416FB8-C855-4985-9634-EDAE58D21077}.Release|Any CPU.Build.0 = Release|Any CPU
		{10F3D2F7-9BD8-47D4-925C-ADCB91B1D860}.Debug|Any CPU.ActiveCfg = Debug|Any CPU
		{10F3D2F7-9BD8-47D4-925C-ADCB91B1D860}.Debug|Any CPU.Build.0 = Debug|Any CPU
		{10F3D2F7-9BD8-47D4-925C-ADCB91B1D860}.Release|Any CPU.ActiveCfg = Release|Any CPU
		{10F3D2F7-9BD8-47D4-925C-ADCB91B1D860}.Release|Any CPU.Build.0 = Release|Any CPU
		{3E7BBAAE-8A4A-45B0-A726-EDCB5608BA8A}.Debug|Any CPU.ActiveCfg = Debug|Any CPU
		{3E7BBAAE-8A4A-45B0-A726-EDCB5608BA8A}.Debug|Any CPU.Build.0 = Debug|Any CPU
		{3E7BBAAE-8A4A-45B0-A726-EDCB5608BA8A}.Release|Any CPU.ActiveCfg = Release|Any CPU
		{3E7BBAAE-8A4A-45B0-A726-EDCB5608BA8A}.Release|Any CPU.Build.0 = Release|Any CPU
		{96DF04F6-9A66-4125-9541-0CE9453ACBDA}.Debug|Any CPU.ActiveCfg = Debug|Any CPU
		{96DF04F6-9A66-4125-9541-0CE9453ACBDA}.Debug|Any CPU.Build.0 = Debug|Any CPU
		{96DF04F6-9A66-4125-9541-0CE9453ACBDA}.Release|Any CPU.ActiveCfg = Release|Any CPU
		{96DF04F6-9A66-4125-9541-0CE9453ACBDA}.Release|Any CPU.Build.0 = Release|Any CPU
		{66A4BA37-A0E3-4C2E-B1A8-C4ABB1A99F82}.Debug|Any CPU.ActiveCfg = Debug|Any CPU
		{66A4BA37-A0E3-4C2E-B1A8-C4ABB1A99F82}.Debug|Any CPU.Build.0 = Debug|Any CPU
		{66A4BA37-A0E3-4C2E-B1A8-C4ABB1A99F82}.Release|Any CPU.ActiveCfg = Release|Any CPU
		{66A4BA37-A0E3-4C2E-B1A8-C4ABB1A99F82}.Release|Any CPU.Build.0 = Release|Any CPU
		{6C02238F-74E9-41E7-9CF9-6411EFBC1B0D}.Debug|Any CPU.ActiveCfg = Debug|Any CPU
		{6C02238F-74E9-41E7-9CF9-6411EFBC1B0D}.Debug|Any CPU.Build.0 = Debug|Any CPU
		{6C02238F-74E9-41E7-9CF9-6411EFBC1B0D}.Release|Any CPU.ActiveCfg = Release|Any CPU
		{6C02238F-74E9-41E7-9CF9-6411EFBC1B0D}.Release|Any CPU.Build.0 = Release|Any CPU
		{F6EE1FE7-0A0A-4B3A-820E-B7B726FE09CC}.Debug|Any CPU.ActiveCfg = Debug|Any CPU
		{F6EE1FE7-0A0A-4B3A-820E-B7B726FE09CC}.Debug|Any CPU.Build.0 = Debug|Any CPU
		{F6EE1FE7-0A0A-4B3A-820E-B7B726FE09CC}.Release|Any CPU.ActiveCfg = Release|Any CPU
		{F6EE1FE7-0A0A-4B3A-820E-B7B726FE09CC}.Release|Any CPU.Build.0 = Release|Any CPU
		{CFCAA19F-A0F0-4C40-A080-BAE9E23BBCFF}.Debug|Any CPU.ActiveCfg = Debug|Any CPU
		{CFCAA19F-A0F0-4C40-A080-BAE9E23BBCFF}.Debug|Any CPU.Build.0 = Debug|Any CPU
		{CFCAA19F-A0F0-4C40-A080-BAE9E23BBCFF}.Release|Any CPU.ActiveCfg = Release|Any CPU
		{CFCAA19F-A0F0-4C40-A080-BAE9E23BBCFF}.Release|Any CPU.Build.0 = Release|Any CPU
	EndGlobalSection
	GlobalSection(NestedProjects) = preSolution
		{299FAD78-B32A-437C-91CE-AADFFA57B320} = {D129C391-162A-4F8D-B39E-63CF6DD05EA9}
		{DA466584-23CB-46BC-BBD8-194D75A47E3F} = {D129C391-162A-4F8D-B39E-63CF6DD05EA9}
		{7FC7E964-23C0-4D37-8346-72619CC84AF1} = {AAD13118-6B63-40E5-9C3C-074A61B62C7A}
		{DBF0B558-430E-4F28-9B30-56E4F7208007} = {AAD13118-6B63-40E5-9C3C-074A61B62C7A}
		{440E6ECE-A59C-428B-A315-F978B5E1D6FF} = {AAD13118-6B63-40E5-9C3C-074A61B62C7A}
		{6726B0BD-B556-4A68-9DDC-CE5A2D8E63C7} = {AAD13118-6B63-40E5-9C3C-074A61B62C7A}
		{40D290C7-1517-4122-B747-2629DC6D75C8} = {F720D05A-28DF-444F-8621-6E73750D512C}
		{7E3BD86C-097F-49E4-811C-CB3BF9F52890} = {F720D05A-28DF-444F-8621-6E73750D512C}
		{DF9241DD-83A2-48A8-B66E-151CF649290B} = {A77AC846-1224-4C87-B159-708B357761AB}
		{25416FB8-C855-4985-9634-EDAE58D21077} = {596CADA3-5AA1-4166-B66E-CA5C38923491}
		{10F3D2F7-9BD8-47D4-925C-ADCB91B1D860} = {596CADA3-5AA1-4166-B66E-CA5C38923491}
		{3E7BBAAE-8A4A-45B0-A726-EDCB5608BA8A} = {596CADA3-5AA1-4166-B66E-CA5C38923491}
		{96DF04F6-9A66-4125-9541-0CE9453ACBDA} = {9F714E77-F94D-4807-BEE4-60282E39859B}
		{6C02238F-74E9-41E7-9CF9-6411EFBC1B0D} = {9F714E77-F94D-4807-BEE4-60282E39859B}
		{F6EE1FE7-0A0A-4B3A-820E-B7B726FE09CC} = {9F714E77-F94D-4807-BEE4-60282E39859B}
		{CFCAA19F-A0F0-4C40-A080-BAE9E23BBCFF} = {9F714E77-F94D-4807-BEE4-60282E39859B}
	EndGlobalSection
EndGlobal
