
Microsoft Visual Studio Solution File, Format Version 12.00
Project("{2150E333-8FDC-42A3-9474-1A3956D46DE8}") = "Tests", "Tests", "{9F714E77-F94D-4807-BEE4-60282E39859B}"
EndProject
Project("{2150E333-8FDC-42A3-9474-1A3956D46DE8}") = "Api", "Api", "{13858475-9678-4CB1-B00F-06FFC740413F}"
EndProject
Project("{2150E333-8FDC-42A3-9474-1A3956D46DE8}") = "Core", "Core", "{7ABA776F-46AB-4949-B789-CB26977A1C61}"
EndProject
Project("{2150E333-8FDC-42A3-9474-1A3956D46DE8}") = "Host", "Host", "{F4D7C144-05CC-40B1-839B-84474AAB9FFE}"
EndProject
Project("{FAE04EC0-301F-11D3-BF4B-00C04F79EFBC}") = "Connector.Api", "Api\Connector.Api\Connector.Api.csproj", "{F2276F5E-DD16-47D0-A880-55966D298DFD}"
EndProject
Project("{FAE04EC0-301F-11D3-BF4B-00C04F79EFBC}") = "IOServices.Api", "Api\IOServices.Api\IOServices.Api.csproj", "{9B93A304-62F4-4E68-B8DF-B59782A8F11B}"
EndProject
Project("{FAE04EC0-301F-11D3-BF4B-00C04F79EFBC}") = "Processors.Api", "Api\Processors.Api\Processors.Api.csproj", "{8E2FD269-6D3E-47E7-916B-013E520D29A6}"
EndProject
Project("{FAE04EC0-301F-11D3-BF4B-00C04F79EFBC}") = "Connector", "Core\Connector\Connector.csproj", "{5F84BC4B-1369-41D5-A533-1BFDBE914A87}"
EndProject
Project("{FAE04EC0-301F-11D3-BF4B-00C04F79EFBC}") = "IOServices", "Core\IOServices\IOServices.csproj", "{1CBFFD4B-AE95-464D-8022-D7CE014AC2B1}"
EndProject
Project("{FAE04EC0-301F-11D3-BF4B-00C04F79EFBC}") = "Localization", "Core\Localization\Localization.csproj", "{58D433B9-7DF4-4F54-9001-84E9894B7440}"
EndProject
Project("{FAE04EC0-301F-11D3-BF4B-00C04F79EFBC}") = "SuperAgent", "Host\SuperAgent\SuperAgent.csproj", "{F37C7C3C-FAEC-499A-82A0-27F74B8AB760}"
EndProject
Project("{FAE04EC0-301F-11D3-BF4B-00C04F79EFBC}") = "IOServices.Test", "Tests\IOServices.Test\IOServices.Test.csproj", "{7E31BCA8-B460-4957-A68C-5299CEBC777F}"
EndProject
Project("{FAE04EC0-301F-11D3-BF4B-00C04F79EFBC}") = "TestsHelper", "Tests\TestsHelper\TestsHelper.csproj", "{9C43D6DE-630A-4B7C-8E32-D17F394BD947}"
EndProject
Project("{2150E333-8FDC-42A3-9474-1A3956D46DE8}") = "Implementation", "Implementation", "{EDB2C74A-EBA2-4DE6-9FA9-A81736A25BDD}"
EndProject
Project("{FAE04EC0-301F-11D3-BF4B-00C04F79EFBC}") = "ElasticClient", "Implementation\ElasticClient\ElasticClient.csproj", "{7F3F3260-4809-4976-AABE-397A57691D2A}"
EndProject
Project("{FAE04EC0-301F-11D3-BF4B-00C04F79EFBC}") = "ElasticProcessor", "Implementation\ElasticProcessor\ElasticProcessor.csproj", "{4E8C3A57-7354-43E7-A4F2-918430B17D2C}"
EndProject
Project("{FAE04EC0-301F-11D3-BF4B-00C04F79EFBC}") = "Processors.Test", "Implementation\Processors.Test\Processors.Test.csproj", "{55D30DE8-D55F-4300-998B-40AD3950796B}"
EndProject
Project("{FAE04EC0-301F-11D3-BF4B-00C04F79EFBC}") = "ProcessorsContainer", "Implementation\ProcessorsContainer\ProcessorsContainer.csproj", "{DFE9F780-CD7B-41F5-AD27-15F5E18B1AA2}"
EndProject
Global
	GlobalSection(SolutionConfigurationPlatforms) = preSolution
		Debug|Any CPU = Debug|Any CPU
		Release|Any CPU = Release|Any CPU
	EndGlobalSection
	GlobalSection(ProjectConfigurationPlatforms) = postSolution
		{F2276F5E-DD16-47D0-A880-55966D298DFD}.Debug|Any CPU.ActiveCfg = Debug|Any CPU
		{F2276F5E-DD16-47D0-A880-55966D298DFD}.Debug|Any CPU.Build.0 = Debug|Any CPU
		{F2276F5E-DD16-47D0-A880-55966D298DFD}.Release|Any CPU.ActiveCfg = Release|Any CPU
		{F2276F5E-DD16-47D0-A880-55966D298DFD}.Release|Any CPU.Build.0 = Release|Any CPU
		{9B93A304-62F4-4E68-B8DF-B59782A8F11B}.Debug|Any CPU.ActiveCfg = Debug|Any CPU
		{9B93A304-62F4-4E68-B8DF-B59782A8F11B}.Debug|Any CPU.Build.0 = Debug|Any CPU
		{9B93A304-62F4-4E68-B8DF-B59782A8F11B}.Release|Any CPU.ActiveCfg = Release|Any CPU
		{9B93A304-62F4-4E68-B8DF-B59782A8F11B}.Release|Any CPU.Build.0 = Release|Any CPU
		{8E2FD269-6D3E-47E7-916B-013E520D29A6}.Debug|Any CPU.ActiveCfg = Debug|Any CPU
		{8E2FD269-6D3E-47E7-916B-013E520D29A6}.Debug|Any CPU.Build.0 = Debug|Any CPU
		{8E2FD269-6D3E-47E7-916B-013E520D29A6}.Release|Any CPU.ActiveCfg = Release|Any CPU
		{8E2FD269-6D3E-47E7-916B-013E520D29A6}.Release|Any CPU.Build.0 = Release|Any CPU
		{5F84BC4B-1369-41D5-A533-1BFDBE914A87}.Debug|Any CPU.ActiveCfg = Debug|Any CPU
		{5F84BC4B-1369-41D5-A533-1BFDBE914A87}.Debug|Any CPU.Build.0 = Debug|Any CPU
		{5F84BC4B-1369-41D5-A533-1BFDBE914A87}.Release|Any CPU.ActiveCfg = Release|Any CPU
		{5F84BC4B-1369-41D5-A533-1BFDBE914A87}.Release|Any CPU.Build.0 = Release|Any CPU
		{1CBFFD4B-AE95-464D-8022-D7CE014AC2B1}.Debug|Any CPU.ActiveCfg = Debug|Any CPU
		{1CBFFD4B-AE95-464D-8022-D7CE014AC2B1}.Debug|Any CPU.Build.0 = Debug|Any CPU
		{1CBFFD4B-AE95-464D-8022-D7CE014AC2B1}.Release|Any CPU.ActiveCfg = Release|Any CPU
		{1CBFFD4B-AE95-464D-8022-D7CE014AC2B1}.Release|Any CPU.Build.0 = Release|Any CPU
		{58D433B9-7DF4-4F54-9001-84E9894B7440}.Debug|Any CPU.ActiveCfg = Debug|Any CPU
		{58D433B9-7DF4-4F54-9001-84E9894B7440}.Debug|Any CPU.Build.0 = Debug|Any CPU
		{58D433B9-7DF4-4F54-9001-84E9894B7440}.Release|Any CPU.ActiveCfg = Release|Any CPU
		{58D433B9-7DF4-4F54-9001-84E9894B7440}.Release|Any CPU.Build.0 = Release|Any CPU
		{F37C7C3C-FAEC-499A-82A0-27F74B8AB760}.Debug|Any CPU.ActiveCfg = Debug|Any CPU
		{F37C7C3C-FAEC-499A-82A0-27F74B8AB760}.Debug|Any CPU.Build.0 = Debug|Any CPU
		{F37C7C3C-FAEC-499A-82A0-27F74B8AB760}.Release|Any CPU.ActiveCfg = Release|Any CPU
		{F37C7C3C-FAEC-499A-82A0-27F74B8AB760}.Release|Any CPU.Build.0 = Release|Any CPU
		{7E31BCA8-B460-4957-A68C-5299CEBC777F}.Debug|Any CPU.ActiveCfg = Debug|Any CPU
		{7E31BCA8-B460-4957-A68C-5299CEBC777F}.Debug|Any CPU.Build.0 = Debug|Any CPU
		{7E31BCA8-B460-4957-A68C-5299CEBC777F}.Release|Any CPU.ActiveCfg = Release|Any CPU
		{7E31BCA8-B460-4957-A68C-5299CEBC777F}.Release|Any CPU.Build.0 = Release|Any CPU
		{9C43D6DE-630A-4B7C-8E32-D17F394BD947}.Debug|Any CPU.ActiveCfg = Debug|Any CPU
		{9C43D6DE-630A-4B7C-8E32-D17F394BD947}.Debug|Any CPU.Build.0 = Debug|Any CPU
		{9C43D6DE-630A-4B7C-8E32-D17F394BD947}.Release|Any CPU.ActiveCfg = Release|Any CPU
		{9C43D6DE-630A-4B7C-8E32-D17F394BD947}.Release|Any CPU.Build.0 = Release|Any CPU
		{7F3F3260-4809-4976-AABE-397A57691D2A}.Debug|Any CPU.ActiveCfg = Debug|Any CPU
		{7F3F3260-4809-4976-AABE-397A57691D2A}.Debug|Any CPU.Build.0 = Debug|Any CPU
		{7F3F3260-4809-4976-AABE-397A57691D2A}.Release|Any CPU.ActiveCfg = Release|Any CPU
		{7F3F3260-4809-4976-AABE-397A57691D2A}.Release|Any CPU.Build.0 = Release|Any CPU
		{4E8C3A57-7354-43E7-A4F2-918430B17D2C}.Debug|Any CPU.ActiveCfg = Debug|Any CPU
		{4E8C3A57-7354-43E7-A4F2-918430B17D2C}.Debug|Any CPU.Build.0 = Debug|Any CPU
		{4E8C3A57-7354-43E7-A4F2-918430B17D2C}.Release|Any CPU.ActiveCfg = Release|Any CPU
		{4E8C3A57-7354-43E7-A4F2-918430B17D2C}.Release|Any CPU.Build.0 = Release|Any CPU
		{55D30DE8-D55F-4300-998B-40AD3950796B}.Debug|Any CPU.ActiveCfg = Debug|Any CPU
		{55D30DE8-D55F-4300-998B-40AD3950796B}.Debug|Any CPU.Build.0 = Debug|Any CPU
		{55D30DE8-D55F-4300-998B-40AD3950796B}.Release|Any CPU.ActiveCfg = Release|Any CPU
		{55D30DE8-D55F-4300-998B-40AD3950796B}.Release|Any CPU.Build.0 = Release|Any CPU
		{DFE9F780-CD7B-41F5-AD27-15F5E18B1AA2}.Debug|Any CPU.ActiveCfg = Debug|Any CPU
		{DFE9F780-CD7B-41F5-AD27-15F5E18B1AA2}.Debug|Any CPU.Build.0 = Debug|Any CPU
		{DFE9F780-CD7B-41F5-AD27-15F5E18B1AA2}.Release|Any CPU.ActiveCfg = Release|Any CPU
		{DFE9F780-CD7B-41F5-AD27-15F5E18B1AA2}.Release|Any CPU.Build.0 = Release|Any CPU
	EndGlobalSection
	GlobalSection(NestedProjects) = preSolution
		{F2276F5E-DD16-47D0-A880-55966D298DFD} = {13858475-9678-4CB1-B00F-06FFC740413F}
		{9B93A304-62F4-4E68-B8DF-B59782A8F11B} = {13858475-9678-4CB1-B00F-06FFC740413F}
		{8E2FD269-6D3E-47E7-916B-013E520D29A6} = {13858475-9678-4CB1-B00F-06FFC740413F}
		{5F84BC4B-1369-41D5-A533-1BFDBE914A87} = {7ABA776F-46AB-4949-B789-CB26977A1C61}
		{1CBFFD4B-AE95-464D-8022-D7CE014AC2B1} = {7ABA776F-46AB-4949-B789-CB26977A1C61}
		{58D433B9-7DF4-4F54-9001-84E9894B7440} = {7ABA776F-46AB-4949-B789-CB26977A1C61}
		{F37C7C3C-FAEC-499A-82A0-27F74B8AB760} = {F4D7C144-05CC-40B1-839B-84474AAB9FFE}
		{7E31BCA8-B460-4957-A68C-5299CEBC777F} = {9F714E77-F94D-4807-BEE4-60282E39859B}
		{9C43D6DE-630A-4B7C-8E32-D17F394BD947} = {9F714E77-F94D-4807-BEE4-60282E39859B}
		{7F3F3260-4809-4976-AABE-397A57691D2A} = {EDB2C74A-EBA2-4DE6-9FA9-A81736A25BDD}
		{4E8C3A57-7354-43E7-A4F2-918430B17D2C} = {EDB2C74A-EBA2-4DE6-9FA9-A81736A25BDD}
		{55D30DE8-D55F-4300-998B-40AD3950796B} = {EDB2C74A-EBA2-4DE6-9FA9-A81736A25BDD}
		{DFE9F780-CD7B-41F5-AD27-15F5E18B1AA2} = {EDB2C74A-EBA2-4DE6-9FA9-A81736A25BDD}
	EndGlobalSection
EndGlobal
